// !$*UTF8*$!
{
	archiveVersion = 1;
	classes = {
	};
	objectVersion = 50;
	objects = {

/* Begin PBXBuildFile section */
		17493314259CA81B00428355 /* AppDelegate.swift in Sources */ = {isa = PBXBuildFile; fileRef = 17493313259CA81B00428355 /* AppDelegate.swift */; };
		17493316259CA81B00428355 /* SceneDelegate.swift in Sources */ = {isa = PBXBuildFile; fileRef = 17493315259CA81B00428355 /* SceneDelegate.swift */; };
		17493318259CA81B00428355 /* ViewController.swift in Sources */ = {isa = PBXBuildFile; fileRef = 17493317259CA81B00428355 /* ViewController.swift */; };
		1749331B259CA81B00428355 /* Main.storyboard in Resources */ = {isa = PBXBuildFile; fileRef = 17493319259CA81B00428355 /* Main.storyboard */; };
		1749331D259CA82000428355 /* Assets.xcassets in Resources */ = {isa = PBXBuildFile; fileRef = 1749331C259CA82000428355 /* Assets.xcassets */; };
		17493320259CA82000428355 /* LaunchScreen.storyboard in Resources */ = {isa = PBXBuildFile; fileRef = 1749331E259CA82000428355 /* LaunchScreen.storyboard */; };
		1749332B259CA82100428355 /* ContinousInternetCheckTests.swift in Sources */ = {isa = PBXBuildFile; fileRef = 1749332A259CA82100428355 /* ContinousInternetCheckTests.swift */; };
		17493336259CA82100428355 /* ContinousInternetCheckUITests.swift in Sources */ = {isa = PBXBuildFile; fileRef = 17493335259CA82100428355 /* ContinousInternetCheckUITests.swift */; };
/* End PBXBuildFile section */

/* Begin PBXContainerItemProxy section */
		17493327259CA82100428355 /* PBXContainerItemProxy */ = {
			isa = PBXContainerItemProxy;
			containerPortal = 17493308259CA81B00428355 /* Project object */;
			proxyType = 1;
			remoteGlobalIDString = 1749330F259CA81B00428355;
			remoteInfo = ContinousInternetCheck;
		};
		17493332259CA82100428355 /* PBXContainerItemProxy */ = {
			isa = PBXContainerItemProxy;
			containerPortal = 17493308259CA81B00428355 /* Project object */;
			proxyType = 1;
			remoteGlobalIDString = 1749330F259CA81B00428355;
			remoteInfo = ContinousInternetCheck;
		};
/* End PBXContainerItemProxy section */

/* Begin PBXFileReference section */
		17493310259CA81B00428355 /* ContinousInternetCheck.app */ = {isa = PBXFileReference; explicitFileType = wrapper.application; includeInIndex = 0; path = ContinousInternetCheck.app; sourceTree = BUILT_PRODUCTS_DIR; };
		17493313259CA81B00428355 /* AppDelegate.swift */ = {isa = PBXFileReference; lastKnownFileType = sourcecode.swift; path = AppDelegate.swift; sourceTree = "<group>"; };
		17493315259CA81B00428355 /* SceneDelegate.swift */ = {isa = PBXFileReference; lastKnownFileType = sourcecode.swift; path = SceneDelegate.swift; sourceTree = "<group>"; };
		17493317259CA81B00428355 /* ViewController.swift */ = {isa = PBXFileReference; lastKnownFileType = sourcecode.swift; path = ViewController.swift; sourceTree = "<group>"; };
		1749331A259CA81B00428355 /* Base */ = {isa = PBXFileReference; lastKnownFileType = file.storyboard; name = Base; path = Base.lproj/Main.storyboard; sourceTree = "<group>"; };
		1749331C259CA82000428355 /* Assets.xcassets */ = {isa = PBXFileReference; lastKnownFileType = folder.assetcatalog; path = Assets.xcassets; sourceTree = "<group>"; };
		1749331F259CA82000428355 /* Base */ = {isa = PBXFileReference; lastKnownFileType = file.storyboard; name = Base; path = Base.lproj/LaunchScreen.storyboard; sourceTree = "<group>"; };
		17493321259CA82000428355 /* Info.plist */ = {isa = PBXFileReference; lastKnownFileType = text.plist.xml; path = Info.plist; sourceTree = "<group>"; };
		17493326259CA82100428355 /* ContinousInternetCheckTests.xctest */ = {isa = PBXFileReference; explicitFileType = wrapper.cfbundle; includeInIndex = 0; path = ContinousInternetCheckTests.xctest; sourceTree = BUILT_PRODUCTS_DIR; };
		1749332A259CA82100428355 /* ContinousInternetCheckTests.swift */ = {isa = PBXFileReference; lastKnownFileType = sourcecode.swift; path = ContinousInternetCheckTests.swift; sourceTree = "<group>"; };
		1749332C259CA82100428355 /* Info.plist */ = {isa = PBXFileReference; lastKnownFileType = text.plist.xml; path = Info.plist; sourceTree = "<group>"; };
		17493331259CA82100428355 /* ContinousInternetCheckUITests.xctest */ = {isa = PBXFileReference; explicitFileType = wrapper.cfbundle; includeInIndex = 0; path = ContinousInternetCheckUITests.xctest; sourceTree = BUILT_PRODUCTS_DIR; };
		17493335259CA82100428355 /* ContinousInternetCheckUITests.swift */ = {isa = PBXFileReference; lastKnownFileType = sourcecode.swift; path = ContinousInternetCheckUITests.swift; sourceTree = "<group>"; };
		17493337259CA82100428355 /* Info.plist */ = {isa = PBXFileReference; lastKnownFileType = text.plist.xml; path = Info.plist; sourceTree = "<group>"; };
/* End PBXFileReference section */

/* Begin PBXFrameworksBuildPhase section */
		1749330D259CA81B00428355 /* Frameworks */ = {
			isa = PBXFrameworksBuildPhase;
			buildActionMask = 2147483647;
			files = (
			);
			runOnlyForDeploymentPostprocessing = 0;
		};
		17493323259CA82100428355 /* Frameworks */ = {
			isa = PBXFrameworksBuildPhase;
			buildActionMask = 2147483647;
			files = (
			);
			runOnlyForDeploymentPostprocessing = 0;
		};
		1749332E259CA82100428355 /* Frameworks */ = {
			isa = PBXFrameworksBuildPhase;
			buildActionMask = 2147483647;
			files = (
			);
			runOnlyForDeploymentPostprocessing = 0;
		};
/* End PBXFrameworksBuildPhase section */

/* Begin PBXGroup section */
		17493307259CA81B00428355 = {
			isa = PBXGroup;
			children = (
				17493312259CA81B00428355 /* ContinousInternetCheck */,
				17493329259CA82100428355 /* ContinousInternetCheckTests */,
				17493334259CA82100428355 /* ContinousInternetCheckUITests */,
				17493311259CA81B00428355 /* Products */,
			);
			sourceTree = "<group>";
		};
		17493311259CA81B00428355 /* Products */ = {
			isa = PBXGroup;
			children = (
				17493310259CA81B00428355 /* ContinousInternetCheck.app */,
				17493326259CA82100428355 /* ContinousInternetCheckTests.xctest */,
				17493331259CA82100428355 /* ContinousInternetCheckUITests.xctest */,
			);
			name = Products;
			sourceTree = "<group>";
		};
		17493312259CA81B00428355 /* ContinousInternetCheck */ = {
			isa = PBXGroup;
			children = (
				17493313259CA81B00428355 /* AppDelegate.swift */,
				17493315259CA81B00428355 /* SceneDelegate.swift */,
				17493317259CA81B00428355 /* ViewController.swift */,
				17493319259CA81B00428355 /* Main.storyboard */,
				1749331C259CA82000428355 /* Assets.xcassets */,
				1749331E259CA82000428355 /* LaunchScreen.storyboard */,
				17493321259CA82000428355 /* Info.plist */,
			);
			path = ContinousInternetCheck;
			sourceTree = "<group>";
		};
		17493329259CA82100428355 /* ContinousInternetCheckTests */ = {
			isa = PBXGroup;
			children = (
				1749332A259CA82100428355 /* ContinousInternetCheckTests.swift */,
				1749332C259CA82100428355 /* Info.plist */,
			);
			path = ContinousInternetCheckTests;
			sourceTree = "<group>";
		};
		17493334259CA82100428355 /* ContinousInternetCheckUITests */ = {
			isa = PBXGroup;
			children = (
				17493335259CA82100428355 /* ContinousInternetCheckUITests.swift */,
				17493337259CA82100428355 /* Info.plist */,
			);
			path = ContinousInternetCheckUITests;
			sourceTree = "<group>";
		};
/* End PBXGroup section */

/* Begin PBXNativeTarget section */
		1749330F259CA81B00428355 /* ContinousInternetCheck */ = {
			isa = PBXNativeTarget;
			buildConfigurationList = 1749333A259CA82100428355 /* Build configuration list for PBXNativeTarget "ContinousInternetCheck" */;
			buildPhases = (
				1749330C259CA81B00428355 /* Sources */,
				1749330D259CA81B00428355 /* Frameworks */,
				1749330E259CA81B00428355 /* Resources */,
			);
			buildRules = (
			);
			dependencies = (
			);
			name = ContinousInternetCheck;
			productName = ContinousInternetCheck;
			productReference = 17493310259CA81B00428355 /* ContinousInternetCheck.app */;
			productType = "com.apple.product-type.application";
		};
		17493325259CA82100428355 /* ContinousInternetCheckTests */ = {
			isa = PBXNativeTarget;
			buildConfigurationList = 1749333D259CA82100428355 /* Build configuration list for PBXNativeTarget "ContinousInternetCheckTests" */;
			buildPhases = (
				17493322259CA82100428355 /* Sources */,
				17493323259CA82100428355 /* Frameworks */,
				17493324259CA82100428355 /* Resources */,
			);
			buildRules = (
			);
			dependencies = (
				17493328259CA82100428355 /* PBXTargetDependency */,
			);
			name = ContinousInternetCheckTests;
			productName = ContinousInternetCheckTests;
			productReference = 17493326259CA82100428355 /* ContinousInternetCheckTests.xctest */;
			productType = "com.apple.product-type.bundle.unit-test";
		};
		17493330259CA82100428355 /* ContinousInternetCheckUITests */ = {
			isa = PBXNativeTarget;
			buildConfigurationList = 17493340259CA82100428355 /* Build configuration list for PBXNativeTarget "ContinousInternetCheckUITests" */;
			buildPhases = (
				1749332D259CA82100428355 /* Sources */,
				1749332E259CA82100428355 /* Frameworks */,
				1749332F259CA82100428355 /* Resources */,
			);
			buildRules = (
			);
			dependencies = (
				17493333259CA82100428355 /* PBXTargetDependency */,
			);
			name = ContinousInternetCheckUITests;
			productName = ContinousInternetCheckUITests;
			productReference = 17493331259CA82100428355 /* ContinousInternetCheckUITests.xctest */;
			productType = "com.apple.product-type.bundle.ui-testing";
		};
/* End PBXNativeTarget section */

/* Begin PBXProject section */
		17493308259CA81B00428355 /* Project object */ = {
			isa = PBXProject;
			attributes = {
				LastSwiftUpdateCheck = 1200;
				LastUpgradeCheck = 1200;
				TargetAttributes = {
					1749330F259CA81B00428355 = {
						CreatedOnToolsVersion = 12.0.1;
					};
					17493325259CA82100428355 = {
						CreatedOnToolsVersion = 12.0.1;
						TestTargetID = 1749330F259CA81B00428355;
					};
					17493330259CA82100428355 = {
						CreatedOnToolsVersion = 12.0.1;
						TestTargetID = 1749330F259CA81B00428355;
					};
				};
			};
			buildConfigurationList = 1749330B259CA81B00428355 /* Build configuration list for PBXProject "ContinousInternetCheck" */;
			compatibilityVersion = "Xcode 9.3";
			developmentRegion = en;
			hasScannedForEncodings = 0;
			knownRegions = (
				en,
				Base,
			);
			mainGroup = 17493307259CA81B00428355;
			productRefGroup = 17493311259CA81B00428355 /* Products */;
			projectDirPath = "";
			projectRoot = "";
			targets = (
				1749330F259CA81B00428355 /* ContinousInternetCheck */,
				17493325259CA82100428355 /* ContinousInternetCheckTests */,
				17493330259CA82100428355 /* ContinousInternetCheckUITests */,
			);
		};
/* End PBXProject section */

/* Begin PBXResourcesBuildPhase section */
		1749330E259CA81B00428355 /* Resources */ = {
			isa = PBXResourcesBuildPhase;
			buildActionMask = 2147483647;
			files = (
				17493320259CA82000428355 /* LaunchScreen.storyboard in Resources */,
				1749331D259CA82000428355 /* Assets.xcassets in Resources */,
				1749331B259CA81B00428355 /* Main.storyboard in Resources */,
			);
			runOnlyForDeploymentPostprocessing = 0;
		};
		17493324259CA82100428355 /* Resources */ = {
			isa = PBXResourcesBuildPhase;
			buildActionMask = 2147483647;
			files = (
			);
			runOnlyForDeploymentPostprocessing = 0;
		};
		1749332F259CA82100428355 /* Resources */ = {
			isa = PBXResourcesBuildPhase;
			buildActionMask = 2147483647;
			files = (
			);
			runOnlyForDeploymentPostprocessing = 0;
		};
/* End PBXResourcesBuildPhase section */

/* Begin PBXSourcesBuildPhase section */
		1749330C259CA81B00428355 /* Sources */ = {
			isa = PBXSourcesBuildPhase;
			buildActionMask = 2147483647;
			files = (
				17493318259CA81B00428355 /* ViewController.swift in Sources */,
				17493314259CA81B00428355 /* AppDelegate.swift in Sources */,
				17493316259CA81B00428355 /* SceneDelegate.swift in Sources */,
			);
			runOnlyForDeploymentPostprocessing = 0;
		};
		17493322259CA82100428355 /* Sources */ = {
			isa = PBXSourcesBuildPhase;
			buildActionMask = 2147483647;
			files = (
				1749332B259CA82100428355 /* ContinousInternetCheckTests.swift in Sources */,
			);
			runOnlyForDeploymentPostprocessing = 0;
		};
		1749332D259CA82100428355 /* Sources */ = {
			isa = PBXSourcesBuildPhase;
			buildActionMask = 2147483647;
			files = (
				17493336259CA82100428355 /* ContinousInternetCheckUITests.swift in Sources */,
			);
			runOnlyForDeploymentPostprocessing = 0;
		};
/* End PBXSourcesBuildPhase section */

/* Begin PBXTargetDependency section */
		17493328259CA82100428355 /* PBXTargetDependency */ = {
			isa = PBXTargetDependency;
			target = 1749330F259CA81B00428355 /* ContinousInternetCheck */;
			targetProxy = 17493327259CA82100428355 /* PBXContainerItemProxy */;
		};
		17493333259CA82100428355 /* PBXTargetDependency */ = {
			isa = PBXTargetDependency;
			target = 1749330F259CA81B00428355 /* ContinousInternetCheck */;
			targetProxy = 17493332259CA82100428355 /* PBXContainerItemProxy */;
		};
/* End PBXTargetDependency section */

/* Begin PBXVariantGroup section */
		17493319259CA81B00428355 /* Main.storyboard */ = {
			isa = PBXVariantGroup;
			children = (
				1749331A259CA81B00428355 /* Base */,
			);
			name = Main.storyboard;
			sourceTree = "<group>";
		};
		1749331E259CA82000428355 /* LaunchScreen.storyboard */ = {
			isa = PBXVariantGroup;
			children = (
				1749331F259CA82000428355 /* Base */,
			);
			name = LaunchScreen.storyboard;
			sourceTree = "<group>";
		};
/* End PBXVariantGroup section */

/* Begin XCBuildConfiguration section */
		17493338259CA82100428355 /* Debug */ = {
			isa = XCBuildConfiguration;
			buildSettings = {
				ALWAYS_SEARCH_USER_PATHS = NO;
				CLANG_ANALYZER_NONNULL = YES;
				CLANG_ANALYZER_NUMBER_OBJECT_CONVERSION = YES_AGGRESSIVE;
				CLANG_CXX_LANGUAGE_STANDARD = "gnu++14";
				CLANG_CXX_LIBRARY = "libc++";
				CLANG_ENABLE_MODULES = YES;
				CLANG_ENABLE_OBJC_ARC = YES;
				CLANG_ENABLE_OBJC_WEAK = YES;
				CLANG_WARN_BLOCK_CAPTURE_AUTORELEASING = YES;
				CLANG_WARN_BOOL_CONVERSION = YES;
				CLANG_WARN_COMMA = YES;
				CLANG_WARN_CONSTANT_CONVERSION = YES;
				CLANG_WARN_DEPRECATED_OBJC_IMPLEMENTATIONS = YES;
				CLANG_WARN_DIRECT_OBJC_ISA_USAGE = YES_ERROR;
				CLANG_WARN_DOCUMENTATION_COMMENTS = YES;
				CLANG_WARN_EMPTY_BODY = YES;
				CLANG_WARN_ENUM_CONVERSION = YES;
				CLANG_WARN_INFINITE_RECURSION = YES;
				CLANG_WARN_INT_CONVERSION = YES;
				CLANG_WARN_NON_LITERAL_NULL_CONVERSION = YES;
				CLANG_WARN_OBJC_IMPLICIT_RETAIN_SELF = YES;
				CLANG_WARN_OBJC_LITERAL_CONVERSION = YES;
				CLANG_WARN_OBJC_ROOT_CLASS = YES_ERROR;
				CLANG_WARN_QUOTED_INCLUDE_IN_FRAMEWORK_HEADER = YES;
				CLANG_WARN_RANGE_LOOP_ANALYSIS = YES;
				CLANG_WARN_STRICT_PROTOTYPES = YES;
				CLANG_WARN_SUSPICIOUS_MOVE = YES;
				CLANG_WARN_UNGUARDED_AVAILABILITY = YES_AGGRESSIVE;
				CLANG_WARN_UNREACHABLE_CODE = YES;
				CLANG_WARN__DUPLICATE_METHOD_MATCH = YES;
				COPY_PHASE_STRIP = NO;
				DEBUG_INFORMATION_FORMAT = dwarf;
				ENABLE_STRICT_OBJC_MSGSEND = YES;
				ENABLE_TESTABILITY = YES;
				GCC_C_LANGUAGE_STANDARD = gnu11;
				GCC_DYNAMIC_NO_PIC = NO;
				GCC_NO_COMMON_BLOCKS = YES;
				GCC_OPTIMIZATION_LEVEL = 0;
				GCC_PREPROCESSOR_DEFINITIONS = (
					"DEBUG=1",
					"$(inherited)",
				);
				GCC_WARN_64_TO_32_BIT_CONVERSION = YES;
				GCC_WARN_ABOUT_RETURN_TYPE = YES_ERROR;
				GCC_WARN_UNDECLARED_SELECTOR = YES;
				GCC_WARN_UNINITIALIZED_AUTOS = YES_AGGRESSIVE;
				GCC_WARN_UNUSED_FUNCTION = YES;
				GCC_WARN_UNUSED_VARIABLE = YES;
				IPHONEOS_DEPLOYMENT_TARGET = 14.0;
				MTL_ENABLE_DEBUG_INFO = INCLUDE_SOURCE;
				MTL_FAST_MATH = YES;
				ONLY_ACTIVE_ARCH = YES;
				SDKROOT = iphoneos;
				SWIFT_ACTIVE_COMPILATION_CONDITIONS = DEBUG;
				SWIFT_OPTIMIZATION_LEVEL = "-Onone";
			};
			name = Debug;
		};
		17493339259CA82100428355 /* Release */ = {
			isa = XCBuildConfiguration;
			buildSettings = {
				ALWAYS_SEARCH_USER_PATHS = NO;
				CLANG_ANALYZER_NONNULL = YES;
				CLANG_ANALYZER_NUMBER_OBJECT_CONVERSION = YES_AGGRESSIVE;
				CLANG_CXX_LANGUAGE_STANDARD = "gnu++14";
				CLANG_CXX_LIBRARY = "libc++";
				CLANG_ENABLE_MODULES = YES;
				CLANG_ENABLE_OBJC_ARC = YES;
				CLANG_ENABLE_OBJC_WEAK = YES;
				CLANG_WARN_BLOCK_CAPTURE_AUTORELEASING = YES;
				CLANG_WARN_BOOL_CONVERSION = YES;
				CLANG_WARN_COMMA = YES;
				CLANG_WARN_CONSTANT_CONVERSION = YES;
				CLANG_WARN_DEPRECATED_OBJC_IMPLEMENTATIONS = YES;
				CLANG_WARN_DIRECT_OBJC_ISA_USAGE = YES_ERROR;
				CLANG_WARN_DOCUMENTATION_COMMENTS = YES;
				CLANG_WARN_EMPTY_BODY = YES;
				CLANG_WARN_ENUM_CONVERSION = YES;
				CLANG_WARN_INFINITE_RECURSION = YES;
				CLANG_WARN_INT_CONVERSION = YES;
				CLANG_WARN_NON_LITERAL_NULL_CONVERSION = YES;
				CLANG_WARN_OBJC_IMPLICIT_RETAIN_SELF = YES;
				CLANG_WARN_OBJC_LITERAL_CONVERSION = YES;
				CLANG_WARN_OBJC_ROOT_CLASS = YES_ERROR;
				CLANG_WARN_QUOTED_INCLUDE_IN_FRAMEWORK_HEADER = YES;
				CLANG_WARN_RANGE_LOOP_ANALYSIS = YES;
				CLANG_WARN_STRICT_PROTOTYPES = YES;
				CLANG_WARN_SUSPICIOUS_MOVE = YES;
				CLANG_WARN_UNGUARDED_AVAILABILITY = YES_AGGRESSIVE;
				CLANG_WARN_UNREACHABLE_CODE = YES;
				CLANG_WARN__DUPLICATE_METHOD_MATCH = YES;
				COPY_PHASE_STRIP = NO;
				DEBUG_INFORMATION_FORMAT = "dwarf-with-dsym";
				ENABLE_NS_ASSERTIONS = NO;
				ENABLE_STRICT_OBJC_MSGSEND = YES;
				GCC_C_LANGUAGE_STANDARD = gnu11;
				GCC_NO_COMMON_BLOCKS = YES;
				GCC_WARN_64_TO_32_BIT_CONVERSION = YES;
				GCC_WARN_ABOUT_RETURN_TYPE = YES_ERROR;
				GCC_WARN_UNDECLARED_SELECTOR = YES;
				GCC_WARN_UNINITIALIZED_AUTOS = YES_AGGRESSIVE;
				GCC_WARN_UNUSED_FUNCTION = YES;
				GCC_WARN_UNUSED_VARIABLE = YES;
				IPHONEOS_DEPLOYMENT_TARGET = 14.0;
				MTL_ENABLE_DEBUG_INFO = NO;
				MTL_FAST_MATH = YES;
				SDKROOT = iphoneos;
				SWIFT_COMPILATION_MODE = wholemodule;
				SWIFT_OPTIMIZATION_LEVEL = "-O";
				VALIDATE_PRODUCT = YES;
			};
			name = Release;
		};
		1749333B259CA82100428355 /* Debug */ = {
			isa = XCBuildConfiguration;
			buildSettings = {
				ASSETCATALOG_COMPILER_APPICON_NAME = AppIcon;
				ASSETCATALOG_COMPILER_GLOBAL_ACCENT_COLOR_NAME = AccentColor;
				CODE_SIGN_STYLE = Automatic;
				INFOPLIST_FILE = ContinousInternetCheck/Info.plist;
				LD_RUNPATH_SEARCH_PATHS = (
					"$(inherited)",
					"@executable_path/Frameworks",
				);
				PRODUCT_BUNDLE_IDENTIFIER = com.vd.test.ContinousInternetCheck;
				PRODUCT_NAME = "$(TARGET_NAME)";
				SWIFT_VERSION = 5.0;
				TARGETED_DEVICE_FAMILY = "1,2";
			};
			name = Debug;
		};
		1749333C259CA82100428355 /* Release */ = {
			isa = XCBuildConfiguration;
			buildSettings = {
				ASSETCATALOG_COMPILER_APPICON_NAME = AppIcon;
				ASSETCATALOG_COMPILER_GLOBAL_ACCENT_COLOR_NAME = AccentColor;
				CODE_SIGN_STYLE = Automatic;
				INFOPLIST_FILE = ContinousInternetCheck/Info.plist;
				LD_RUNPATH_SEARCH_PATHS = (
					"$(inherited)",
					"@executable_path/Frameworks",
				);
				PRODUCT_BUNDLE_IDENTIFIER = com.vd.test.ContinousInternetCheck;
				PRODUCT_NAME = "$(TARGET_NAME)";
				SWIFT_VERSION = 5.0;
				TARGETED_DEVICE_FAMILY = "1,2";
			};
			name = Release;
		};
		1749333E259CA82100428355 /* Debug */ = {
			isa = XCBuildConfiguration;
			buildSettings = {
				ALWAYS_EMBED_SWIFT_STANDARD_LIBRARIES = YES;
				BUNDLE_LOADER = "$(TEST_HOST)";
				CODE_SIGN_STYLE = Automatic;
				INFOPLIST_FILE = ContinousInternetCheckTests/Info.plist;
				IPHONEOS_DEPLOYMENT_TARGET = 14.0;
				LD_RUNPATH_SEARCH_PATHS = (
					"$(inherited)",
					"@executable_path/Frameworks",
					"@loader_path/Frameworks",
				);
				PRODUCT_BUNDLE_IDENTIFIER = com.vd.test.ContinousInternetCheckTests;
				PRODUCT_NAME = "$(TARGET_NAME)";
				SWIFT_VERSION = 5.0;
				TARGETED_DEVICE_FAMILY = "1,2";
				TEST_HOST = "$(BUILT_PRODUCTS_DIR)/ContinousInternetCheck.app/ContinousInternetCheck";
			};
			name = Debug;
		};
		1749333F259CA82100428355 /* Release */ = {
			isa = XCBuildConfiguration;
			buildSettings = {
				ALWAYS_EMBED_SWIFT_STANDARD_LIBRARIES = YES;
				BUNDLE_LOADER = "$(TEST_HOST)";
				CODE_SIGN_STYLE = Automatic;
				INFOPLIST_FILE = ContinousInternetCheckTests/Info.plist;
				IPHONEOS_DEPLOYMENT_TARGET = 14.0;
				LD_RUNPATH_SEARCH_PATHS = (
					"$(inherited)",
					"@executable_path/Frameworks",
					"@loader_path/Frameworks",
				);
				PRODUCT_BUNDLE_IDENTIFIER = com.vd.test.ContinousInternetCheckTests;
				PRODUCT_NAME = "$(TARGET_NAME)";
				SWIFT_VERSION = 5.0;
				TARGETED_DEVICE_FAMILY = "1,2";
				TEST_HOST = "$(BUILT_PRODUCTS_DIR)/ContinousInternetCheck.app/ContinousInternetCheck";
			};
			name = Release;
		};
		17493341259CA82100428355 /* Debug */ = {
			isa = XCBuildConfiguration;
			buildSettings = {
				ALWAYS_EMBED_SWIFT_STANDARD_LIBRARIES = YES;
				CODE_SIGN_STYLE = Automatic;
				INFOPLIST_FILE = ContinousInternetCheckUITests/Info.plist;
				LD_RUNPATH_SEARCH_PATHS = (
					"$(inherited)",
					"@executable_path/Frameworks",
					"@loader_path/Frameworks",
				);
				PRODUCT_BUNDLE_IDENTIFIER = com.vd.test.ContinousInternetCheckUITests;
				PRODUCT_NAME = "$(TARGET_NAME)";
				SWIFT_VERSION = 5.0;
				TARGETED_DEVICE_FAMILY = "1,2";
				TEST_TARGET_NAME = ContinousInternetCheck;
			};
			name = Debug;
		};
		17493342259CA82100428355 /* Release */ = {
			isa = XCBuildConfiguration;
			buildSettings = {
				ALWAYS_EMBED_SWIFT_STANDARD_LIBRARIES = YES;
				CODE_SIGN_STYLE = Automatic;
				INFOPLIST_FILE = ContinousInternetCheckUITests/Info.plist;
				LD_RUNPATH_SEARCH_PATHS = (
					"$(inherited)",
					"@executable_path/Frameworks",
					"@loader_path/Frameworks",
				);
				PRODUCT_BUNDLE_IDENTIFIER = com.vd.test.ContinousInternetCheckUITests;
				PRODUCT_NAME = "$(TARGET_NAME)";
				SWIFT_VERSION = 5.0;
				TARGETED_DEVICE_FAMILY = "1,2";
				TEST_TARGET_NAME = ContinousInternetCheck;
			};
			name = Release;
		};
/* End XCBuildConfiguration section */

/* Begin XCConfigurationList section */
		1749330B259CA81B00428355 /* Build configuration list for PBXProject "ContinousInternetCheck" */ = {
			isa = XCConfigurationList;
			buildConfigurations = (
				17493338259CA82100428355 /* Debug */,
				17493339259CA82100428355 /* Release */,
			);
			defaultConfigurationIsVisible = 0;
			defaultConfigurationName = Release;
		};
		1749333A259CA82100428355 /* Build configuration list for PBXNativeTarget "ContinousInternetCheck" */ = {
			isa = XCConfigurationList;
			buildConfigurations = (
				1749333B259CA82100428355 /* Debug */,
				1749333C259CA82100428355 /* Release */,
			);
			defaultConfigurationIsVisible = 0;
			defaultConfigurationName = Release;
		};
		1749333D259CA82100428355 /* Build configuration list for PBXNativeTarget "ContinousInternetCheckTests" */ = {
			isa = XCConfigurationList;
			buildConfigurations = (
				1749333E259CA82100428355 /* Debug */,
				1749333F259CA82100428355 /* Release */,
			);
			defaultConfigurationIsVisible = 0;
			defaultConfigurationName = Release;
		};
		17493340259CA82100428355 /* Build configuration list for PBXNativeTarget "ContinousInternetCheckUITests" */ = {
			isa = XCConfigurationList;
			buildConfigurations = (
				17493341259CA82100428355 /* Debug */,
				17493342259CA82100428355 /* Release */,
			);
			defaultConfigurationIsVisible = 0;
			defaultConfigurationName = Release;
		};
/* End XCConfigurationList section */
	};
	rootObject = 17493308259CA81B00428355 /* Project object */;
}
